
Microsoft Visual Studio Solution File, Format Version 12.00
# Visual Studio Version 16
VisualStudioVersion = 25.0.1704.2
MinimumVisualStudioVersion = 10.0.40219.1
Project("{FAE04EC0-301F-11D3-BF4B-00C04F79EFBC}") = "MemcardRex", "MemcardRex\MemcardRex.csproj", "{6EE5516B-12A6-4B9D-9750-BACCE0AAB60F}"
EndProject
Global
	GlobalSection(SolutionConfigurationPlatforms) = preSolution
		Debug|Any CPU = Debug|Any CPU
		Release|Any CPU = Release|Any CPU
	EndGlobalSection
	GlobalSection(ProjectConfigurationPlatforms) = postSolution
		{6EE5516B-12A6-4B9D-9750-BACCE0AAB60F}.Debug|Any CPU.ActiveCfg = Debug|Any CPU
		{6EE5516B-12A6-4B9D-9750-BACCE0AAB60F}.Debug|Any CPU.Build.0 = Debug|Any CPU
		{6EE5516B-12A6-4B9D-9750-BACCE0AAB60F}.Release|Any CPU.ActiveCfg = Release|Any CPU
		{6EE5516B-12A6-4B9D-9750-BACCE0AAB60F}.Release|Any CPU.Build.0 = Release|Any CPU
	EndGlobalSection
	GlobalSection(SolutionProperties) = preSolution
		HideSolutionNode = FALSE
	EndGlobalSection
	GlobalSection(ExtensibilityGlobals) = postSolution
		SolutionGuid = {5C33489D-B067-430E-BEFB-AC4BF3948833}
	EndGlobalSection
	GlobalSection(MonoDevelopProperties) = preSolution
		Policies = $0
		$0.DotNetNamingPolicy = $1
		$1.DirectoryNamespaceAssociation = PrefixedHierarchical
	EndGlobalSection
EndGlobal
